{
  "version": 4,
  "terraform_version": "0.12.29",
  "serial": 8,
  "lineage": "9fa386a8-fbde-8751-0817-114f9a94627a",
  "outputs": {
    "external_ip_address_vm_1": {
      "value": "178.154.247.113",
      "type": "string"
    },
    "external_ip_address_vm_2": {
      "value": "178.154.246.63",
      "type": "string"
    },
    "external_ip_address_vm_3": {
      "value": "178.154.247.243",
      "type": "string"
    },
    "internal_ip_address_vm_1": {
      "value": "192.168.10.3",
      "type": "string"
    },
    "internal_ip_address_vm_2": {
      "value": "192.168.10.6",
      "type": "string"
    },
    "internal_ip_address_vm_3": {
      "value": "192.168.10.25",
      "type": "string"
    }
  },
  "resources": [
    {
      "mode": "managed",
      "type": "yandex_compute_instance",
      "name": "vm-1",
      "provider": "provider.yandex",
      "instances": [
        {
          "schema_version": 1,
          "attributes": {
            "allow_stopping_for_update": null,
            "boot_disk": [
              {
                "auto_delete": true,
                "device_name": "fhm78pdmffcladbcgk9d",
                "disk_id": "fhm78pdmffcladbcgk9d",
                "initialize_params": [
                  {
                    "description": "",
                    "image_id": "fd87va5cc00gaq2f5qfb",
                    "name": "",
                    "size": 2,
                    "snapshot_id": "",
                    "type": "network-hdd"
                  }
                ],
                "mode": "READ_WRITE"
              }
            ],
            "created_at": "2020-08-04T13:12:10Z",
            "description": "",
            "folder_id": "b1gg8lei5uc8ba0ilm8h",
            "fqdn": "fhm21m080krheptecifs.auto.internal",
            "hostname": "fhm21m080krheptecifs",
            "id": "fhm21m080krheptecifs",
            "labels": null,
            "metadata": {
              "ssh-keys": "ubuntu:ssh-rsa AAAAB3NzaC1yc2EAAAADAQABAAABAQC6/9phWFw8yZtONqDIIfm8x4+D97yfG2QravffZu7DRmfHLgP3VuPniwU5WJSURls/60xxX7hOJWao/BK0T3nVHWF96u0fTFwgIG8jVUNIO+nXmNgsAEO66So8TZdcMdQtb5QCBoULETg3yggE10IkYFMaBCq603Im1/3IZMJCwmpryDZKcyMRkytiXlPCGplQU70LrJF2/c3MS1Dw3VXFkhxcxinrP0z3b+oh+ACnF98XBea0gPoN1wg37rbO6+zdJXTYlP+/lD2i5u1BL20orfCgBb77l7FzjPkwLYSVWQO8EImvXlWI71TL3YI1SGv5S0K7m0Ydz9anFczzgK+p\n"
            },
            "name": "mongodb1",
            "network_acceleration_type": "standard",
            "network_interface": [
              {
                "index": 0,
                "ip_address": "192.168.10.3",
                "ipv4": true,
                "ipv6": false,
                "ipv6_address": "",
                "mac_address": "d0:0d:20:d8:08:05",
                "nat": true,
                "nat_ip_address": "178.154.247.113",
                "nat_ip_version": "IPV4",
                "security_group_ids": [],
                "subnet_id": "e9btkl9lq1rm2o94mn04"
              }
            ],
            "platform_id": "standard-v1",
            "resources": [
              {
                "core_fraction": 100,
                "cores": 2,
                "gpus": 0,
                "memory": 2
              }
            ],
            "scheduling_policy": [
              {
                "preemptible": false
              }
            ],
            "secondary_disk": [],
            "service_account_id": "",
            "status": "running",
            "timeouts": null,
            "zone": "ru-central1-a"
          },
          "private": "eyJlMmJmYjczMC1lY2FhLTExZTYtOGY4OC0zNDM2M2JjN2M0YzAiOnsiY3JlYXRlIjozMDAwMDAwMDAwMDAsImRlbGV0ZSI6MzAwMDAwMDAwMDAwLCJ1cGRhdGUiOjMwMDAwMDAwMDAwMH0sInNjaGVtYV92ZXJzaW9uIjoiMSJ9",
          "dependencies": [
            "yandex_vpc_subnet.subnet-1"
          ]
        }
      ]
    },
    {
      "mode": "managed",
      "type": "yandex_compute_instance",
      "name": "vm-2",
      "provider": "provider.yandex",
      "instances": [
        {
          "schema_version": 1,
          "attributes": {
            "allow_stopping_for_update": null,
            "boot_disk": [
              {
                "auto_delete": true,
                "device_name": "fhmp44ss1id1g9k6n68v",
                "disk_id": "fhmp44ss1id1g9k6n68v",
                "initialize_params": [
                  {
                    "description": "",
                    "image_id": "fd87va5cc00gaq2f5qfb",
                    "name": "",
                    "size": 2,
                    "snapshot_id": "",
                    "type": "network-hdd"
                  }
                ],
                "mode": "READ_WRITE"
              }
            ],
            "created_at": "2020-08-04T13:12:10Z",
            "description": "",
            "folder_id": "b1gg8lei5uc8ba0ilm8h",
            "fqdn": "fhm23aadsghspd8vfiv5.auto.internal",
            "hostname": "fhm23aadsghspd8vfiv5",
            "id": "fhm23aadsghspd8vfiv5",
            "labels": null,
            "metadata": {
              "ssh-keys": "ubuntu:ssh-rsa AAAAB3NzaC1yc2EAAAADAQABAAABAQC6/9phWFw8yZtONqDIIfm8x4+D97yfG2QravffZu7DRmfHLgP3VuPniwU5WJSURls/60xxX7hOJWao/BK0T3nVHWF96u0fTFwgIG8jVUNIO+nXmNgsAEO66So8TZdcMdQtb5QCBoULETg3yggE10IkYFMaBCq603Im1/3IZMJCwmpryDZKcyMRkytiXlPCGplQU70LrJF2/c3MS1Dw3VXFkhxcxinrP0z3b+oh+ACnF98XBea0gPoN1wg37rbO6+zdJXTYlP+/lD2i5u1BL20orfCgBb77l7FzjPkwLYSVWQO8EImvXlWI71TL3YI1SGv5S0K7m0Ydz9anFczzgK+p\n"
            },
            "name": "mongodb2",
            "network_acceleration_type": "standard",
            "network_interface": [
              {
                "index": 0,
                "ip_address": "192.168.10.6",
                "ipv4": true,
                "ipv6": false,
                "ipv6_address": "",
                "mac_address": "d0:0d:21:a9:4d:e4",
                "nat": true,
                "nat_ip_address": "178.154.246.63",
                "nat_ip_version": "IPV4",
                "security_group_ids": [],
                "subnet_id": "e9btkl9lq1rm2o94mn04"
              }
            ],
            "platform_id": "standard-v1",
            "resources": [
              {
                "core_fraction": 100,
                "cores": 2,
                "gpus": 0,
                "memory": 2
              }
            ],
            "scheduling_policy": [
              {
                "preemptible": false
              }
            ],
            "secondary_disk": [],
            "service_account_id": "",
            "status": "running",
            "timeouts": null,
            "zone": "ru-central1-a"
          },
          "private": "eyJlMmJmYjczMC1lY2FhLTExZTYtOGY4OC0zNDM2M2JjN2M0YzAiOnsiY3JlYXRlIjozMDAwMDAwMDAwMDAsImRlbGV0ZSI6MzAwMDAwMDAwMDAwLCJ1cGRhdGUiOjMwMDAwMDAwMDAwMH0sInNjaGVtYV92ZXJzaW9uIjoiMSJ9",
          "dependencies": [
            "yandex_vpc_subnet.subnet-1"
          ]
        }
      ]
    },
    {
      "mode": "managed",
      "type": "yandex_compute_instance",
      "name": "vm-3",
      "provider": "provider.yandex",
      "instances": [
        {
          "schema_version": 1,
          "attributes": {
            "allow_stopping_for_update": null,
            "boot_disk": [
              {
                "auto_delete": true,
                "device_name": "fhm0pbnc7s4vjr9v7k44",
                "disk_id": "fhm0pbnc7s4vjr9v7k44",
                "initialize_params": [
                  {
                    "description": "",
                    "image_id": "fd87va5cc00gaq2f5qfb",
                    "name": "",
                    "size": 2,
                    "snapshot_id": "",
                    "type": "network-hdd"
                  }
                ],
                "mode": "READ_WRITE"
              }
            ],
            "created_at": "2020-08-04T13:12:10Z",
            "description": "",
            "folder_id": "b1gg8lei5uc8ba0ilm8h",
            "fqdn": "fhm5u414qnrrnhuh0ef6.auto.internal",
            "hostname": "fhm5u414qnrrnhuh0ef6",
            "id": "fhm5u414qnrrnhuh0ef6",
            "labels": null,
            "metadata": {
              "ssh-keys": "ubuntu:ssh-rsa AAAAB3NzaC1yc2EAAAADAQABAAABAQC6/9phWFw8yZtONqDIIfm8x4+D97yfG2QravffZu7DRmfHLgP3VuPniwU5WJSURls/60xxX7hOJWao/BK0T3nVHWF96u0fTFwgIG8jVUNIO+nXmNgsAEO66So8TZdcMdQtb5QCBoULETg3yggE10IkYFMaBCq603Im1/3IZMJCwmpryDZKcyMRkytiXlPCGplQU70LrJF2/c3MS1Dw3VXFkhxcxinrP0z3b+oh+ACnF98XBea0gPoN1wg37rbO6+zdJXTYlP+/lD2i5u1BL20orfCgBb77l7FzjPkwLYSVWQO8EImvXlWI71TL3YI1SGv5S0K7m0Ydz9anFczzgK+p\n"
            },
            "name": "mongodb3",
            "network_acceleration_type": "standard",
            "network_interface": [
              {
                "index": 0,
                "ip_address": "192.168.10.25",
                "ipv4": true,
                "ipv6": false,
                "ipv6_address": "",
                "mac_address": "d0:0d:5f:10:24:d5",
                "nat": true,
                "nat_ip_address": "178.154.247.243",
                "nat_ip_version": "IPV4",
                "security_group_ids": [],
                "subnet_id": "e9btkl9lq1rm2o94mn04"
              }
            ],
            "platform_id": "standard-v1",
            "resources": [
              {
                "core_fraction": 100,
                "cores": 2,
                "gpus": 0,
                "memory": 2
              }
            ],
            "scheduling_policy": [
              {
                "preemptible": false
              }
            ],
            "secondary_disk": [],
            "service_account_id": "",
            "status": "running",
            "timeouts": null,
            "zone": "ru-central1-a"
          },
          "private": "eyJlMmJmYjczMC1lY2FhLTExZTYtOGY4OC0zNDM2M2JjN2M0YzAiOnsiY3JlYXRlIjozMDAwMDAwMDAwMDAsImRlbGV0ZSI6MzAwMDAwMDAwMDAwLCJ1cGRhdGUiOjMwMDAwMDAwMDAwMH0sInNjaGVtYV92ZXJzaW9uIjoiMSJ9",
          "dependencies": [
            "yandex_vpc_subnet.subnet-1"
          ]
        }
      ]
    },
    {
      "mode": "managed",
      "type": "yandex_vpc_network",
      "name": "network-1",
      "provider": "provider.yandex",
      "instances": [
        {
          "schema_version": 0,
          "attributes": {
            "created_at": "2020-08-04T13:06:14Z",
            "description": "",
            "folder_id": "b1gg8lei5uc8ba0ilm8h",
            "id": "enpfuh2dcusu4tbfcvii",
            "labels": {},
            "name": "network1",
            "subnet_ids": [
              "e9btkl9lq1rm2o94mn04"
            ],
            "timeouts": null
          },
          "private": "eyJlMmJmYjczMC1lY2FhLTExZTYtOGY4OC0zNDM2M2JjN2M0YzAiOnsiY3JlYXRlIjo2MDAwMDAwMDAwMCwiZGVsZXRlIjo2MDAwMDAwMDAwMCwidXBkYXRlIjo2MDAwMDAwMDAwMH19"
        }
      ]
    },
    {
      "mode": "managed",
      "type": "yandex_vpc_subnet",
      "name": "subnet-1",
      "provider": "provider.yandex",
      "instances": [
        {
          "schema_version": 0,
          "attributes": {
            "created_at": "2020-08-04T13:06:16Z",
            "description": "",
            "dhcp_options": [],
            "folder_id": "b1gg8lei5uc8ba0ilm8h",
            "id": "e9btkl9lq1rm2o94mn04",
            "labels": {},
            "name": "subnet1",
            "network_id": "enpfuh2dcusu4tbfcvii",
            "route_table_id": "",
            "timeouts": null,
            "v4_cidr_blocks": [
              "192.168.10.0/24"
            ],
            "v6_cidr_blocks": [],
            "zone": "ru-central1-a"
          },
          "private": "eyJlMmJmYjczMC1lY2FhLTExZTYtOGY4OC0zNDM2M2JjN2M0YzAiOnsiY3JlYXRlIjoxODAwMDAwMDAwMDAsImRlbGV0ZSI6MTgwMDAwMDAwMDAwLCJ1cGRhdGUiOjE4MDAwMDAwMDAwMH19",
          "dependencies": [
            "yandex_vpc_network.network-1"
          ]
        }
      ]
    }
  ]
}
